{
  "object": {
    "pins": [
      {
        "package": "LPUITabBar",
        "repositoryURL": "https://github.com/mohamed-habib-jaberi/LPUITabBar.git",
        "state": {
          "branch": "main",
          "revision": "c2d5323c4138c1312a7783fe95eecbb6b3cec20f",
          "version": null
        }
      }
    ]
  },
  "version": 1
}
