{
  "object": {
    "pins": [
      {
        "package": "LPUITabBar",
        "repositoryURL": "https://github.com/mohamed-habib-jaberi/LPUITabBar.git",
        "state": {
          "branch": "main",
          "revision": "6086430972e505023d6b79d22fc015fac5d3ecfb",
          "version": null
        }
      }
    ]
  },
  "version": 1
}
